
Microsoft Visual Studio Solution File, Format Version 12.00
# Visual Studio Version 17
VisualStudioVersion = 17.3.32825.248
MinimumVisualStudioVersion = 10.0.40219.1
Project("{9A19103F-16F7-4668-BE54-9A1E7A4F7556}") = "ZadanieDomowe6.13", "ZadanieDomowe6.13\ZadanieDomowe6.13.csproj", "{6755CCA1-97B8-4990-A10B-BB7C767B9E3C}"
EndProject
Global
	GlobalSection(SolutionConfigurationPlatforms) = preSolution
		Debug|Any CPU = Debug|Any CPU
		Release|Any CPU = Release|Any CPU
	EndGlobalSection
	GlobalSection(ProjectConfigurationPlatforms) = postSolution
		{6755CCA1-97B8-4990-A10B-BB7C767B9E3C}.Debug|Any CPU.ActiveCfg = Debug|Any CPU
		{6755CCA1-97B8-4990-A10B-BB7C767B9E3C}.Debug|Any CPU.Build.0 = Debug|Any CPU
		{6755CCA1-97B8-4990-A10B-BB7C767B9E3C}.Release|Any CPU.ActiveCfg = Release|Any CPU
		{6755CCA1-97B8-4990-A10B-BB7C767B9E3C}.Release|Any CPU.Build.0 = Release|Any CPU
	EndGlobalSection
	GlobalSection(SolutionProperties) = preSolution
		HideSolutionNode = FALSE
	EndGlobalSection
	GlobalSection(ExtensibilityGlobals) = postSolution
		SolutionGuid = {AE6F02BD-BC49-42D1-9C96-43DD69A53FC9}
	EndGlobalSection
EndGlobal
